// !$*UTF8*$!
{
	archiveVersion = 1;
	classes = {
	};
	objectVersion = 46;
	objects = {

/* Begin PBXBuildFile section */
		2D30A9B41CD98D6A00687010 /* LXCardView.m in Sources */ = {isa = PBXBuildFile; fileRef = 2D30A9B31CD98D6A00687010 /* LXCardView.m */; };
		2D8D29681CCB62AD006A5289 /* LXTestCardView.m in Sources */ = {isa = PBXBuildFile; fileRef = 2D8D29671CCB62AD006A5289 /* LXTestCardView.m */; };
		2D8D296A1CCB62C1006A5289 /* LXTestCardView.xib in Resources */ = {isa = PBXBuildFile; fileRef = 2D8D29691CCB62C1006A5289 /* LXTestCardView.xib */; };
		2D9620881CC72F2B0015F76F /* main.m in Sources */ = {isa = PBXBuildFile; fileRef = 2D9620871CC72F2B0015F76F /* main.m */; };
		2D96208B1CC72F2B0015F76F /* AppDelegate.m in Sources */ = {isa = PBXBuildFile; fileRef = 2D96208A1CC72F2B0015F76F /* AppDelegate.m */; };
		2D96208E1CC72F2B0015F76F /* ViewController.m in Sources */ = {isa = PBXBuildFile; fileRef = 2D96208D1CC72F2B0015F76F /* ViewController.m */; };
		2D9620911CC72F2B0015F76F /* Main.storyboard in Resources */ = {isa = PBXBuildFile; fileRef = 2D96208F1CC72F2B0015F76F /* Main.storyboard */; };
		2D9620931CC72F2B0015F76F /* Assets.xcassets in Resources */ = {isa = PBXBuildFile; fileRef = 2D9620921CC72F2B0015F76F /* Assets.xcassets */; };
		2D9620961CC72F2B0015F76F /* LaunchScreen.storyboard in Resources */ = {isa = PBXBuildFile; fileRef = 2D9620941CC72F2B0015F76F /* LaunchScreen.storyboard */; };
/* End PBXBuildFile section */

/* Begin PBXFileReference section */
		2D30A9B21CD98D6A00687010 /* LXCardView.h */ = {isa = PBXFileReference; fileEncoding = 4; lastKnownFileType = sourcecode.c.h; path = LXCardView.h; sourceTree = "<group>"; };
		2D30A9B31CD98D6A00687010 /* LXCardView.m */ = {isa = PBXFileReference; fileEncoding = 4; lastKnownFileType = sourcecode.c.objc; path = LXCardView.m; sourceTree = "<group>"; };
		2D8D29661CCB62AD006A5289 /* LXTestCardView.h */ = {isa = PBXFileReference; fileEncoding = 4; lastKnownFileType = sourcecode.c.h; path = LXTestCardView.h; sourceTree = "<group>"; };
		2D8D29671CCB62AD006A5289 /* LXTestCardView.m */ = {isa = PBXFileReference; fileEncoding = 4; lastKnownFileType = sourcecode.c.objc; path = LXTestCardView.m; sourceTree = "<group>"; };
		2D8D29691CCB62C1006A5289 /* LXTestCardView.xib */ = {isa = PBXFileReference; fileEncoding = 4; lastKnownFileType = file.xib; path = LXTestCardView.xib; sourceTree = "<group>"; };
		2D9620831CC72F2B0015F76F /* LXCardViewDemo.app */ = {isa = PBXFileReference; explicitFileType = wrapper.application; includeInIndex = 0; path = LXCardViewDemo.app; sourceTree = BUILT_PRODUCTS_DIR; };
		2D9620871CC72F2B0015F76F /* main.m */ = {isa = PBXFileReference; lastKnownFileType = sourcecode.c.objc; path = main.m; sourceTree = "<group>"; };
		2D9620891CC72F2B0015F76F /* AppDelegate.h */ = {isa = PBXFileReference; lastKnownFileType = sourcecode.c.h; path = AppDelegate.h; sourceTree = "<group>"; };
		2D96208A1CC72F2B0015F76F /* AppDelegate.m */ = {isa = PBXFileReference; lastKnownFileType = sourcecode.c.objc; path = AppDelegate.m; sourceTree = "<group>"; };
		2D96208C1CC72F2B0015F76F /* ViewController.h */ = {isa = PBXFileReference; lastKnownFileType = sourcecode.c.h; path = ViewController.h; sourceTree = "<group>"; };
		2D96208D1CC72F2B0015F76F /* ViewController.m */ = {isa = PBXFileReference; lastKnownFileType = sourcecode.c.objc; path = ViewController.m; sourceTree = "<group>"; };
		2D9620901CC72F2B0015F76F /* Base */ = {isa = PBXFileReference; lastKnownFileType = file.storyboard; name = Base; path = Base.lproj/Main.storyboard; sourceTree = "<group>"; };
		2D9620921CC72F2B0015F76F /* Assets.xcassets */ = {isa = PBXFileReference; lastKnownFileType = folder.assetcatalog; path = Assets.xcassets; sourceTree = "<group>"; };
		2D9620951CC72F2B0015F76F /* Base */ = {isa = PBXFileReference; lastKnownFileType = file.storyboard; name = Base; path = Base.lproj/LaunchScreen.storyboard; sourceTree = "<group>"; };
		2D9620971CC72F2B0015F76F /* Info.plist */ = {isa = PBXFileReference; lastKnownFileType = text.plist.xml; path = Info.plist; sourceTree = "<group>"; };
/* End PBXFileReference section */

/* Begin PBXFrameworksBuildPhase section */
		2D9620801CC72F2B0015F76F /* Frameworks */ = {
			isa = PBXFrameworksBuildPhase;
			buildActionMask = 2147483647;
			files = (
			);
			runOnlyForDeploymentPostprocessing = 0;
		};
/* End PBXFrameworksBuildPhase section */

/* Begin PBXGroup section */
		2D30A9B11CD98D6A00687010 /* LXCardView */ = {
			isa = PBXGroup;
			children = (
				2D30A9B21CD98D6A00687010 /* LXCardView.h */,
				2D30A9B31CD98D6A00687010 /* LXCardView.m */,
			);
			path = LXCardView;
			sourceTree = "<group>";
		};
		2D96207A1CC72F2B0015F76F = {
			isa = PBXGroup;
			children = (
				2D30A9B11CD98D6A00687010 /* LXCardView */,
				2D9620851CC72F2B0015F76F /* LXCardViewDemo */,
				2D9620841CC72F2B0015F76F /* Products */,
			);
			sourceTree = "<group>";
		};
		2D9620841CC72F2B0015F76F /* Products */ = {
			isa = PBXGroup;
			children = (
				2D9620831CC72F2B0015F76F /* LXCardViewDemo.app */,
			);
			name = Products;
			sourceTree = "<group>";
		};
		2D9620851CC72F2B0015F76F /* LXCardViewDemo */ = {
			isa = PBXGroup;
			children = (
				2D9620891CC72F2B0015F76F /* AppDelegate.h */,
				2D96208A1CC72F2B0015F76F /* AppDelegate.m */,
				2D96208C1CC72F2B0015F76F /* ViewController.h */,
				2D96208D1CC72F2B0015F76F /* ViewController.m */,
				2D8D29661CCB62AD006A5289 /* LXTestCardView.h */,
				2D8D29671CCB62AD006A5289 /* LXTestCardView.m */,
				2D8D29691CCB62C1006A5289 /* LXTestCardView.xib */,
				2D96208F1CC72F2B0015F76F /* Main.storyboard */,
				2D9620921CC72F2B0015F76F /* Assets.xcassets */,
				2D9620941CC72F2B0015F76F /* LaunchScreen.storyboard */,
				2D9620971CC72F2B0015F76F /* Info.plist */,
				2D9620861CC72F2B0015F76F /* Supporting Files */,
			);
			path = LXCardViewDemo;
			sourceTree = "<group>";
		};
		2D9620861CC72F2B0015F76F /* Supporting Files */ = {
			isa = PBXGroup;
			children = (
				2D9620871CC72F2B0015F76F /* main.m */,
			);
			name = "Supporting Files";
			sourceTree = "<group>";
		};
/* End PBXGroup section */

/* Begin PBXNativeTarget section */
		2D9620821CC72F2B0015F76F /* LXCardViewDemo */ = {
			isa = PBXNativeTarget;
			buildConfigurationList = 2D96209A1CC72F2B0015F76F /* Build configuration list for PBXNativeTarget "LXCardViewDemo" */;
			buildPhases = (
				2D96207F1CC72F2B0015F76F /* Sources */,
				2D9620801CC72F2B0015F76F /* Frameworks */,
				2D9620811CC72F2B0015F76F /* Resources */,
			);
			buildRules = (
			);
			dependencies = (
			);
			name = LXCardViewDemo;
			productName = LXCardViewDemo;
			productReference = 2D9620831CC72F2B0015F76F /* LXCardViewDemo.app */;
			productType = "com.apple.product-type.application";
		};
/* End PBXNativeTarget section */

/* Begin PBXProject section */
		2D96207B1CC72F2B0015F76F /* Project object */ = {
			isa = PBXProject;
			attributes = {
				LastUpgradeCheck = 1010;
				ORGANIZATIONNAME = "从今以后";
				TargetAttributes = {
					2D9620821CC72F2B0015F76F = {
						CreatedOnToolsVersion = 7.3;
						DevelopmentTeam = CWR7SW7UDM;
						ProvisioningStyle = Automatic;
					};
				};
			};
			buildConfigurationList = 2D96207E1CC72F2B0015F76F /* Build configuration list for PBXProject "LXCardViewDemo" */;
			compatibilityVersion = "Xcode 3.2";
			developmentRegion = English;
			hasScannedForEncodings = 0;
			knownRegions = (
				en,
				Base,
			);
			mainGroup = 2D96207A1CC72F2B0015F76F;
			productRefGroup = 2D9620841CC72F2B0015F76F /* Products */;
			projectDirPath = "";
			projectRoot = "";
			targets = (
				2D9620821CC72F2B0015F76F /* LXCardViewDemo */,
			);
		};
/* End PBXProject section */

/* Begin PBXResourcesBuildPhase section */
		2D9620811CC72F2B0015F76F /* Resources */ = {
			isa = PBXResourcesBuildPhase;
			buildActionMask = 2147483647;
			files = (
				2D8D296A1CCB62C1006A5289 /* LXTestCardView.xib in Resources */,
				2D9620961CC72F2B0015F76F /* LaunchScreen.storyboard in Resources */,
				2D9620931CC72F2B0015F76F /* Assets.xcassets in Resources */,
				2D9620911CC72F2B0015F76F /* Main.storyboard in Resources */,
			);
			runOnlyForDeploymentPostprocessing = 0;
		};
/* End PBXResourcesBuildPhase section */

/* Begin PBXSourcesBuildPhase section */
		2D96207F1CC72F2B0015F76F /* Sources */ = {
			isa = PBXSourcesBuildPhase;
			buildActionMask = 2147483647;
			files = (
				2D30A9B41CD98D6A00687010 /* LXCardView.m in Sources */,
				2D96208E1CC72F2B0015F76F /* ViewController.m in Sources */,
				2D8D29681CCB62AD006A5289 /* LXTestCardView.m in Sources */,
				2D96208B1CC72F2B0015F76F /* AppDelegate.m in Sources */,
				2D9620881CC72F2B0015F76F /* main.m in Sources */,
			);
			runOnlyForDeploymentPostprocessing = 0;
		};
/* End PBXSourcesBuildPhase section */

/* Begin PBXVariantGroup section */
		2D96208F1CC72F2B0015F76F /* Main.storyboard */ = {
			isa = PBXVariantGroup;
			children = (
				2D9620901CC72F2B0015F76F /* Base */,
			);
			name = Main.storyboard;
			sourceTree = "<group>";
		};
		2D9620941CC72F2B0015F76F /* LaunchScreen.storyboard */ = {
			isa = PBXVariantGroup;
			children = (
				2D9620951CC72F2B0015F76F /* Base */,
			);
			name = LaunchScreen.storyboard;
			sourceTree = "<group>";
		};
/* End PBXVariantGroup section */

/* Begin XCBuildConfiguration section */
		2D9620981CC72F2B0015F76F /* Debug */ = {
			isa = XCBuildConfiguration;
			buildSettings = {
				ALWAYS_SEARCH_USER_PATHS = NO;
				CLANG_ANALYZER_NONNULL = YES;
				CLANG_CXX_LANGUAGE_STANDARD = "gnu++0x";
				CLANG_CXX_LIBRARY = "libc++";
				CLANG_ENABLE_MODULES = YES;
				CLANG_ENABLE_OBJC_ARC = YES;
				CLANG_WARN_BLOCK_CAPTURE_AUTORELEASING = YES;
				CLANG_WARN_BOOL_CONVERSION = YES;
				CLANG_WARN_COMMA = YES;
				CLANG_WARN_CONSTANT_CONVERSION = YES;
				CLANG_WARN_DEPRECATED_OBJC_IMPLEMENTATIONS = YES;
				CLANG_WARN_DIRECT_OBJC_ISA_USAGE = YES_ERROR;
				CLANG_WARN_EMPTY_BODY = YES;
				CLANG_WARN_ENUM_CONVERSION = YES;
				CLANG_WARN_INFINITE_RECURSION = YES;
				CLANG_WARN_INT_CONVERSION = YES;
				CLANG_WARN_NON_LITERAL_NULL_CONVERSION = YES;
				CLANG_WARN_OBJC_IMPLICIT_RETAIN_SELF = YES;
				CLANG_WARN_OBJC_LITERAL_CONVERSION = YES;
				CLANG_WARN_OBJC_ROOT_CLASS = YES_ERROR;
				CLANG_WARN_RANGE_LOOP_ANALYSIS = YES;
				CLANG_WARN_STRICT_PROTOTYPES = YES;
				CLANG_WARN_SUSPICIOUS_MOVE = YES;
				CLANG_WARN_UNREACHABLE_CODE = YES;
				CLANG_WARN__DUPLICATE_METHOD_MATCH = YES;
				"CODE_SIGN_IDENTITY[sdk=iphoneos*]" = "iPhone Developer";
				COPY_PHASE_STRIP = NO;
				DEBUG_INFORMATION_FORMAT = dwarf;
				ENABLE_STRICT_OBJC_MSGSEND = YES;
				ENABLE_TESTABILITY = YES;
				GCC_C_LANGUAGE_STANDARD = gnu99;
				GCC_DYNAMIC_NO_PIC = NO;
				GCC_NO_COMMON_BLOCKS = YES;
				GCC_OPTIMIZATION_LEVEL = 0;
				GCC_PREPROCESSOR_DEFINITIONS = (
					"DEBUG=1",
					"$(inherited)",
				);
				GCC_WARN_64_TO_32_BIT_CONVERSION = YES;
				GCC_WARN_ABOUT_RETURN_TYPE = YES_ERROR;
				GCC_WARN_UNDECLARED_SELECTOR = YES;
				GCC_WARN_UNINITIALIZED_AUTOS = YES_AGGRESSIVE;
				GCC_WARN_UNUSED_FUNCTION = YES;
				GCC_WARN_UNUSED_VARIABLE = YES;
				IPHONEOS_DEPLOYMENT_TARGET = 9.3;
				MTL_ENABLE_DEBUG_INFO = YES;
				ONLY_ACTIVE_ARCH = YES;
				SDKROOT = iphoneos;
			};
			name = Debug;
		};
		2D9620991CC72F2B0015F76F /* Release */ = {
			isa = XCBuildConfiguration;
			buildSettings = {
				ALWAYS_SEARCH_USER_PATHS = NO;
				CLANG_ANALYZER_NONNULL = YES;
				CLANG_CXX_LANGUAGE_STANDARD = "gnu++0x";
				CLANG_CXX_LIBRARY = "libc++";
				CLANG_ENABLE_MODULES = YES;
				CLANG_ENABLE_OBJC_ARC = YES;
				CLANG_WARN_BLOCK_CAPTURE_AUTORELEASING = YES;
				CLANG_WARN_BOOL_CONVERSION = YES;
				CLANG_WARN_COMMA = YES;
				CLANG_WARN_CONSTANT_CONVERSION = YES;
				CLANG_WARN_DEPRECATED_OBJC_IMPLEMENTATIONS = YES;
				CLANG_WARN_DIRECT_OBJC_ISA_USAGE = YES_ERROR;
				CLANG_WARN_EMPTY_BODY = YES;
				CLANG_WARN_ENUM_CONVERSION = YES;
				CLANG_WARN_INFINITE_RECURSION = YES;
				CLANG_WARN_INT_CONVERSION = YES;
				CLANG_WARN_NON_LITERAL_NULL_CONVERSION = YES;
				CLANG_WARN_OBJC_IMPLICIT_RETAIN_SELF = YES;
				CLANG_WARN_OBJC_LITERAL_CONVERSION = YES;
				CLANG_WARN_OBJC_ROOT_CLASS = YES_ERROR;
				CLANG_WARN_RANGE_LOOP_ANALYSIS = YES;
				CLANG_WARN_STRICT_PROTOTYPES = YES;
				CLANG_WARN_SUSPICIOUS_MOVE = YES;
				CLANG_WARN_UNREACHABLE_CODE = YES;
				CLANG_WARN__DUPLICATE_METHOD_MATCH = YES;
				"CODE_SIGN_IDENTITY[sdk=iphoneos*]" = "iPhone Developer";
				COPY_PHASE_STRIP = NO;
				DEBUG_INFORMATION_FORMAT = "dwarf-with-dsym";
				ENABLE_NS_ASSERTIONS = NO;
				ENABLE_STRICT_OBJC_MSGSEND = YES;
				GCC_C_LANGUAGE_STANDARD = gnu99;
				GCC_NO_COMMON_BLOCKS = YES;
				GCC_WARN_64_TO_32_BIT_CONVERSION = YES;
				GCC_WARN_ABOUT_RETURN_TYPE = YES_ERROR;
				GCC_WARN_UNDECLARED_SELECTOR = YES;
				GCC_WARN_UNINITIALIZED_AUTOS = YES_AGGRESSIVE;
				GCC_WARN_UNUSED_FUNCTION = YES;
				GCC_WARN_UNUSED_VARIABLE = YES;
				IPHONEOS_DEPLOYMENT_TARGET = 9.3;
				MTL_ENABLE_DEBUG_INFO = NO;
				SDKROOT = iphoneos;
				VALIDATE_PRODUCT = YES;
			};
			name = Release;
		};
		2D96209B1CC72F2B0015F76F /* Debug */ = {
			isa = XCBuildConfiguration;
			buildSettings = {
				ASSETCATALOG_COMPILER_APPICON_NAME = AppIcon;
				CODE_SIGN_IDENTITY = "iPhone Developer";
				"CODE_SIGN_IDENTITY[sdk=iphoneos*]" = "iPhone Developer";
				DEVELOPMENT_TEAM = CWR7SW7UDM;
				INFOPLIST_FILE = LXCardViewDemo/Info.plist;
				IPHONEOS_DEPLOYMENT_TARGET = 9.0;
				LD_RUNPATH_SEARCH_PATHS = "$(inherited) @executable_path/Frameworks";
				PRODUCT_BUNDLE_IDENTIFIER = com.hereafter.LXCardViewDemo;
				PRODUCT_NAME = "$(TARGET_NAME)";
				PROVISIONING_PROFILE = "";
				PROVISIONING_PROFILE_SPECIFIER = "";
			};
			name = Debug;
		};
		2D96209C1CC72F2B0015F76F /* Release */ = {
			isa = XCBuildConfiguration;
			buildSettings = {
				ASSETCATALOG_COMPILER_APPICON_NAME = AppIcon;
				CODE_SIGN_IDENTITY = "iPhone Developer";
				"CODE_SIGN_IDENTITY[sdk=iphoneos*]" = "iPhone Developer";
				DEVELOPMENT_TEAM = CWR7SW7UDM;
				INFOPLIST_FILE = LXCardViewDemo/Info.plist;
				IPHONEOS_DEPLOYMENT_TARGET = 9.0;
				LD_RUNPATH_SEARCH_PATHS = "$(inherited) @executable_path/Frameworks";
				PRODUCT_BUNDLE_IDENTIFIER = com.hereafter.LXCardViewDemo;
				PRODUCT_NAME = "$(TARGET_NAME)";
				PROVISIONING_PROFILE = "";
				PROVISIONING_PROFILE_SPECIFIER = "";
			};
			name = Release;
		};
/* End XCBuildConfiguration section */

/* Begin XCConfigurationList section */
		2D96207E1CC72F2B0015F76F /* Build configuration list for PBXProject "LXCardViewDemo" */ = {
			isa = XCConfigurationList;
			buildConfigurations = (
				2D9620981CC72F2B0015F76F /* Debug */,
				2D9620991CC72F2B0015F76F /* Release */,
			);
			defaultConfigurationIsVisible = 0;
			defaultConfigurationName = Release;
		};
		2D96209A1CC72F2B0015F76F /* Build configuration list for PBXNativeTarget "LXCardViewDemo" */ = {
			isa = XCConfigurationList;
			buildConfigurations = (
				2D96209B1CC72F2B0015F76F /* Debug */,
				2D96209C1CC72F2B0015F76F /* Release */,
			);
			defaultConfigurationIsVisible = 0;
			defaultConfigurationName = Release;
		};
/* End XCConfigurationList section */
	};
	rootObject = 2D96207B1CC72F2B0015F76F /* Project object */;
}
